
Microsoft Visual Studio Solution File, Format Version 12.00
# Visual Studio Version 16
VisualStudioVersion = 16.0.31005.135
MinimumVisualStudioVersion = 10.0.40219.1
Project("{9A19103F-16F7-4668-BE54-9A1E7A4F7556}") = "UnrealLocres", "UnrealLocres\UnrealLocres.csproj", "{9C802CB9-94A3-4566-BE9A-3FE9A3AAD16F}"
EndProject
Project("{9A19103F-16F7-4668-BE54-9A1E7A4F7556}") = "LocresLibTests", "LocresLibTests\LocresLibTests.csproj", "{8AF659D8-E048-4009-9D80-23636A50B510}"
EndProject
Project("{FAE04EC0-301F-11D3-BF4B-00C04F79EFBC}") = "LocresLib", "LocresLib\LocresLib.csproj", "{C0ED34DB-85F3-474A-8AB8-BD51925B020B}"
EndProject
Global
	GlobalSection(SolutionConfigurationPlatforms) = preSolution
		Debug|Any CPU = Debug|Any CPU
		Release|Any CPU = Release|Any CPU
	EndGlobalSection
	GlobalSection(ProjectConfigurationPlatforms) = postSolution
		{9C802CB9-94A3-4566-BE9A-3FE9A3AAD16F}.Debug|Any CPU.ActiveCfg = Debug|Any CPU
		{9C802CB9-94A3-4566-BE9A-3FE9A3AAD16F}.Debug|Any CPU.Build.0 = Debug|Any CPU
		{9C802CB9-94A3-4566-BE9A-3FE9A3AAD16F}.Release|Any CPU.ActiveCfg = Release|Any CPU
		{9C802CB9-94A3-4566-BE9A-3FE9A3AAD16F}.Release|Any CPU.Build.0 = Release|Any CPU
		{8AF659D8-E048-4009-9D80-23636A50B510}.Debug|Any CPU.ActiveCfg = Debug|Any CPU
		{8AF659D8-E048-4009-9D80-23636A50B510}.Debug|Any CPU.Build.0 = Debug|Any CPU
		{8AF659D8-E048-4009-9D80-23636A50B510}.Release|Any CPU.ActiveCfg = Release|Any CPU
		{8AF659D8-E048-4009-9D80-23636A50B510}.Release|Any CPU.Build.0 = Release|Any CPU
		{C0ED34DB-85F3-474A-8AB8-BD51925B020B}.Debug|Any CPU.ActiveCfg = Debug|Any CPU
		{C0ED34DB-85F3-474A-8AB8-BD51925B020B}.Debug|Any CPU.Build.0 = Debug|Any CPU
		{C0ED34DB-85F3-474A-8AB8-BD51925B020B}.Release|Any CPU.ActiveCfg = Release|Any CPU
		{C0ED34DB-85F3-474A-8AB8-BD51925B020B}.Release|Any CPU.Build.0 = Release|Any CPU
	EndGlobalSection
	GlobalSection(SolutionProperties) = preSolution
		HideSolutionNode = FALSE
	EndGlobalSection
	GlobalSection(ExtensibilityGlobals) = postSolution
		SolutionGuid = {3D5CD719-6E7D-4AFF-8884-2BB935E6BA76}
	EndGlobalSection
EndGlobal
